
Microsoft Visual Studio Solution File, Format Version 12.00
# Visual Studio Version 16
VisualStudioVersion = 16.0.31321.278
MinimumVisualStudioVersion = 10.0.40219.1
Project("{FAE04EC0-301F-11D3-BF4B-00C04F79EFBC}") = "Characters", "Characters\Characters.csproj", "{45D105D9-D774-4D69-91F2-6B334D2B9723}"
EndProject
Global
	GlobalSection(SolutionConfigurationPlatforms) = preSolution
		Debug|Any CPU = Debug|Any CPU
		Release|Any CPU = Release|Any CPU
	EndGlobalSection
	GlobalSection(ProjectConfigurationPlatforms) = postSolution
		{45D105D9-D774-4D69-91F2-6B334D2B9723}.Debug|Any CPU.ActiveCfg = Debug|Any CPU
		{45D105D9-D774-4D69-91F2-6B334D2B9723}.Debug|Any CPU.Build.0 = Debug|Any CPU
		{45D105D9-D774-4D69-91F2-6B334D2B9723}.Release|Any CPU.ActiveCfg = Release|Any CPU
		{45D105D9-D774-4D69-91F2-6B334D2B9723}.Release|Any CPU.Build.0 = Release|Any CPU
	EndGlobalSection
	GlobalSection(SolutionProperties) = preSolution
		HideSolutionNode = FALSE
	EndGlobalSection
	GlobalSection(ExtensibilityGlobals) = postSolution
		SolutionGuid = {BC4764E6-8721-4424-ADFF-6A9EFA9BA16F}
	EndGlobalSection
EndGlobal
